// !$*UTF8*$!
{
	archiveVersion = 1;
	classes = {
	};
	objectVersion = 55;
	objects = {

/* Begin PBXBuildFile section */
		E50E72EF28A9E42000A8B3C9 /* landmarkData.json in Resources */ = {isa = PBXBuildFile; fileRef = E50E72EE28A9E42000A8B3C9 /* landmarkData.json */; };
		E50E72F128A9E43500A8B3C9 /* Landmark.swift in Sources */ = {isa = PBXBuildFile; fileRef = E50E72F028A9E43500A8B3C9 /* Landmark.swift */; };
		E50E72F328A9E5A800A8B3C9 /* ModelData.swift in Sources */ = {isa = PBXBuildFile; fileRef = E50E72F228A9E5A800A8B3C9 /* ModelData.swift */; };
		E50E72F828AA03CA00A8B3C9 /* LandmarkRow.swift in Sources */ = {isa = PBXBuildFile; fileRef = E50E72F728AA03CA00A8B3C9 /* LandmarkRow.swift */; };
		E50E72FA28AA057E00A8B3C9 /* LandmarkList.swift in Sources */ = {isa = PBXBuildFile; fileRef = E50E72F928AA057E00A8B3C9 /* LandmarkList.swift */; };
		E51019EC28A7366C005BC46F /* SwiftUITutorialApp.swift in Sources */ = {isa = PBXBuildFile; fileRef = E51019EB28A7366C005BC46F /* SwiftUITutorialApp.swift */; };
		E51019EE28A7366C005BC46F /* ContentView.swift in Sources */ = {isa = PBXBuildFile; fileRef = E51019ED28A7366C005BC46F /* ContentView.swift */; };
		E51019F028A7366D005BC46F /* Assets.xcassets in Resources */ = {isa = PBXBuildFile; fileRef = E51019EF28A7366D005BC46F /* Assets.xcassets */; };
		E51019F328A7366D005BC46F /* Preview Assets.xcassets in Resources */ = {isa = PBXBuildFile; fileRef = E51019F228A7366D005BC46F /* Preview Assets.xcassets */; };
		E51019FA28A74532005BC46F /* CircleImage.swift in Sources */ = {isa = PBXBuildFile; fileRef = E51019F928A74532005BC46F /* CircleImage.swift */; };
		E51019FC28A74729005BC46F /* MapView.swift in Sources */ = {isa = PBXBuildFile; fileRef = E51019FB28A74729005BC46F /* MapView.swift */; };
/* End PBXBuildFile section */

/* Begin PBXFileReference section */
		E50E72EE28A9E42000A8B3C9 /* landmarkData.json */ = {isa = PBXFileReference; fileEncoding = 4; lastKnownFileType = text.json; path = landmarkData.json; sourceTree = "<group>"; };
		E50E72F028A9E43500A8B3C9 /* Landmark.swift */ = {isa = PBXFileReference; lastKnownFileType = sourcecode.swift; path = Landmark.swift; sourceTree = "<group>"; };
		E50E72F228A9E5A800A8B3C9 /* ModelData.swift */ = {isa = PBXFileReference; lastKnownFileType = sourcecode.swift; path = ModelData.swift; sourceTree = "<group>"; };
		E50E72F728AA03CA00A8B3C9 /* LandmarkRow.swift */ = {isa = PBXFileReference; lastKnownFileType = sourcecode.swift; path = LandmarkRow.swift; sourceTree = "<group>"; };
		E50E72F928AA057E00A8B3C9 /* LandmarkList.swift */ = {isa = PBXFileReference; lastKnownFileType = sourcecode.swift; path = LandmarkList.swift; sourceTree = "<group>"; };
		E51019E828A7366C005BC46F /* SwiftUITutorial.app */ = {isa = PBXFileReference; explicitFileType = wrapper.application; includeInIndex = 0; path = SwiftUITutorial.app; sourceTree = BUILT_PRODUCTS_DIR; };
		E51019EB28A7366C005BC46F /* SwiftUITutorialApp.swift */ = {isa = PBXFileReference; lastKnownFileType = sourcecode.swift; path = SwiftUITutorialApp.swift; sourceTree = "<group>"; };
		E51019ED28A7366C005BC46F /* ContentView.swift */ = {isa = PBXFileReference; lastKnownFileType = sourcecode.swift; path = ContentView.swift; sourceTree = "<group>"; };
		E51019EF28A7366D005BC46F /* Assets.xcassets */ = {isa = PBXFileReference; lastKnownFileType = folder.assetcatalog; path = Assets.xcassets; sourceTree = "<group>"; };
		E51019F228A7366D005BC46F /* Preview Assets.xcassets */ = {isa = PBXFileReference; lastKnownFileType = folder.assetcatalog; path = "Preview Assets.xcassets"; sourceTree = "<group>"; };
		E51019F928A74532005BC46F /* CircleImage.swift */ = {isa = PBXFileReference; lastKnownFileType = sourcecode.swift; path = CircleImage.swift; sourceTree = "<group>"; };
		E51019FB28A74729005BC46F /* MapView.swift */ = {isa = PBXFileReference; lastKnownFileType = sourcecode.swift; path = MapView.swift; sourceTree = "<group>"; };
/* End PBXFileReference section */

/* Begin PBXFrameworksBuildPhase section */
		E51019E528A7366C005BC46F /* Frameworks */ = {
			isa = PBXFrameworksBuildPhase;
			buildActionMask = 2147483647;
			files = (
			);
			runOnlyForDeploymentPostprocessing = 0;
		};
/* End PBXFrameworksBuildPhase section */

/* Begin PBXGroup section */
		E50E72F428AA02CF00A8B3C9 /* View */ = {
			isa = PBXGroup;
			children = (
				E51019ED28A7366C005BC46F /* ContentView.swift */,
				E51019F928A74532005BC46F /* CircleImage.swift */,
				E50E72F728AA03CA00A8B3C9 /* LandmarkRow.swift */,
				E51019FB28A74729005BC46F /* MapView.swift */,
				E50E72F928AA057E00A8B3C9 /* LandmarkList.swift */,
			);
			path = View;
			sourceTree = "<group>";
		};
		E50E72F528AA02DC00A8B3C9 /* Model */ = {
			isa = PBXGroup;
			children = (
				E50E72F028A9E43500A8B3C9 /* Landmark.swift */,
				E50E72F228A9E5A800A8B3C9 /* ModelData.swift */,
			);
			path = Model;
			sourceTree = "<group>";
		};
		E50E72F628AA02FA00A8B3C9 /* Resources */ = {
			isa = PBXGroup;
			children = (
				E50E72EE28A9E42000A8B3C9 /* landmarkData.json */,
			);
			path = Resources;
			sourceTree = "<group>";
		};
		E51019DF28A7366C005BC46F = {
			isa = PBXGroup;
			children = (
				E51019EA28A7366C005BC46F /* SwiftUITutorial */,
				E51019E928A7366C005BC46F /* Products */,
			);
			sourceTree = "<group>";
		};
		E51019E928A7366C005BC46F /* Products */ = {
			isa = PBXGroup;
			children = (
				E51019E828A7366C005BC46F /* SwiftUITutorial.app */,
			);
			name = Products;
			sourceTree = "<group>";
		};
		E51019EA28A7366C005BC46F /* SwiftUITutorial */ = {
			isa = PBXGroup;
			children = (
				E51019EB28A7366C005BC46F /* SwiftUITutorialApp.swift */,
				E50E72F628AA02FA00A8B3C9 /* Resources */,
				E50E72F428AA02CF00A8B3C9 /* View */,
				E50E72F528AA02DC00A8B3C9 /* Model */,
				E51019EF28A7366D005BC46F /* Assets.xcassets */,
				E51019F128A7366D005BC46F /* Preview Content */,
			);
			path = SwiftUITutorial;
			sourceTree = "<group>";
		};
		E51019F128A7366D005BC46F /* Preview Content */ = {
			isa = PBXGroup;
			children = (
				E51019F228A7366D005BC46F /* Preview Assets.xcassets */,
			);
			path = "Preview Content";
			sourceTree = "<group>";
		};
/* End PBXGroup section */

/* Begin PBXNativeTarget section */
		E51019E728A7366C005BC46F /* SwiftUITutorial */ = {
			isa = PBXNativeTarget;
			buildConfigurationList = E51019F628A7366D005BC46F /* Build configuration list for PBXNativeTarget "SwiftUITutorial" */;
			buildPhases = (
				E51019E428A7366C005BC46F /* Sources */,
				E51019E528A7366C005BC46F /* Frameworks */,
				E51019E628A7366C005BC46F /* Resources */,
			);
			buildRules = (
			);
			dependencies = (
			);
			name = SwiftUITutorial;
			productName = SwiftUITutorial;
			productReference = E51019E828A7366C005BC46F /* SwiftUITutorial.app */;
			productType = "com.apple.product-type.application";
		};
/* End PBXNativeTarget section */

/* Begin PBXProject section */
		E51019E028A7366C005BC46F /* Project object */ = {
			isa = PBXProject;
			attributes = {
				BuildIndependentTargetsInParallel = 1;
				LastSwiftUpdateCheck = 1340;
				LastUpgradeCheck = 1340;
				TargetAttributes = {
					E51019E728A7366C005BC46F = {
						CreatedOnToolsVersion = 13.4.1;
					};
				};
			};
			buildConfigurationList = E51019E328A7366C005BC46F /* Build configuration list for PBXProject "SwiftUITutorial" */;
			compatibilityVersion = "Xcode 13.0";
			developmentRegion = en;
			hasScannedForEncodings = 0;
			knownRegions = (
				en,
				Base,
			);
			mainGroup = E51019DF28A7366C005BC46F;
			productRefGroup = E51019E928A7366C005BC46F /* Products */;
			projectDirPath = "";
			projectRoot = "";
			targets = (
				E51019E728A7366C005BC46F /* SwiftUITutorial */,
			);
		};
/* End PBXProject section */

/* Begin PBXResourcesBuildPhase section */
		E51019E628A7366C005BC46F /* Resources */ = {
			isa = PBXResourcesBuildPhase;
			buildActionMask = 2147483647;
			files = (
				E51019F328A7366D005BC46F /* Preview Assets.xcassets in Resources */,
				E51019F028A7366D005BC46F /* Assets.xcassets in Resources */,
				E50E72EF28A9E42000A8B3C9 /* landmarkData.json in Resources */,
			);
			runOnlyForDeploymentPostprocessing = 0;
		};
/* End PBXResourcesBuildPhase section */

/* Begin PBXSourcesBuildPhase section */
		E51019E428A7366C005BC46F /* Sources */ = {
			isa = PBXSourcesBuildPhase;
			buildActionMask = 2147483647;
			files = (
				E51019EE28A7366C005BC46F /* ContentView.swift in Sources */,
				E50E72F328A9E5A800A8B3C9 /* ModelData.swift in Sources */,
				E51019FC28A74729005BC46F /* MapView.swift in Sources */,
				E50E72FA28AA057E00A8B3C9 /* LandmarkList.swift in Sources */,
				E51019EC28A7366C005BC46F /* SwiftUITutorialApp.swift in Sources */,
				E51019FA28A74532005BC46F /* CircleImage.swift in Sources */,
				E50E72F828AA03CA00A8B3C9 /* LandmarkRow.swift in Sources */,
				E50E72F128A9E43500A8B3C9 /* Landmark.swift in Sources */,
			);
			runOnlyForDeploymentPostprocessing = 0;
		};
/* End PBXSourcesBuildPhase section */

/* Begin XCBuildConfiguration section */
		E51019F428A7366D005BC46F /* Debug */ = {
			isa = XCBuildConfiguration;
			buildSettings = {
				ALWAYS_SEARCH_USER_PATHS = NO;
				CLANG_ANALYZER_NONNULL = YES;
				CLANG_ANALYZER_NUMBER_OBJECT_CONVERSION = YES_AGGRESSIVE;
				CLANG_CXX_LANGUAGE_STANDARD = "gnu++17";
				CLANG_ENABLE_MODULES = YES;
				CLANG_ENABLE_OBJC_ARC = YES;
				CLANG_ENABLE_OBJC_WEAK = YES;
				CLANG_WARN_BLOCK_CAPTURE_AUTORELEASING = YES;
				CLANG_WARN_BOOL_CONVERSION = YES;
				CLANG_WARN_COMMA = YES;
				CLANG_WARN_CONSTANT_CONVERSION = YES;
				CLANG_WARN_DEPRECATED_OBJC_IMPLEMENTATIONS = YES;
				CLANG_WARN_DIRECT_OBJC_ISA_USAGE = YES_ERROR;
				CLANG_WARN_DOCUMENTATION_COMMENTS = YES;
				CLANG_WARN_EMPTY_BODY = YES;
				CLANG_WARN_ENUM_CONVERSION = YES;
				CLANG_WARN_INFINITE_RECURSION = YES;
				CLANG_WARN_INT_CONVERSION = YES;
				CLANG_WARN_NON_LITERAL_NULL_CONVERSION = YES;
				CLANG_WARN_OBJC_IMPLICIT_RETAIN_SELF = YES;
				CLANG_WARN_OBJC_LITERAL_CONVERSION = YES;
				CLANG_WARN_OBJC_ROOT_CLASS = YES_ERROR;
				CLANG_WARN_QUOTED_INCLUDE_IN_FRAMEWORK_HEADER = YES;
				CLANG_WARN_RANGE_LOOP_ANALYSIS = YES;
				CLANG_WARN_STRICT_PROTOTYPES = YES;
				CLANG_WARN_SUSPICIOUS_MOVE = YES;
				CLANG_WARN_UNGUARDED_AVAILABILITY = YES_AGGRESSIVE;
				CLANG_WARN_UNREACHABLE_CODE = YES;
				CLANG_WARN__DUPLICATE_METHOD_MATCH = YES;
				COPY_PHASE_STRIP = NO;
				DEBUG_INFORMATION_FORMAT = dwarf;
				ENABLE_STRICT_OBJC_MSGSEND = YES;
				ENABLE_TESTABILITY = YES;
				GCC_C_LANGUAGE_STANDARD = gnu11;
				GCC_DYNAMIC_NO_PIC = NO;
				GCC_NO_COMMON_BLOCKS = YES;
				GCC_OPTIMIZATION_LEVEL = 0;
				GCC_PREPROCESSOR_DEFINITIONS = (
					"DEBUG=1",
					"$(inherited)",
				);
				GCC_WARN_64_TO_32_BIT_CONVERSION = YES;
				GCC_WARN_ABOUT_RETURN_TYPE = YES_ERROR;
				GCC_WARN_UNDECLARED_SELECTOR = YES;
				GCC_WARN_UNINITIALIZED_AUTOS = YES_AGGRESSIVE;
				GCC_WARN_UNUSED_FUNCTION = YES;
				GCC_WARN_UNUSED_VARIABLE = YES;
				IPHONEOS_DEPLOYMENT_TARGET = 15.5;
				MTL_ENABLE_DEBUG_INFO = INCLUDE_SOURCE;
				MTL_FAST_MATH = YES;
				ONLY_ACTIVE_ARCH = YES;
				SDKROOT = iphoneos;
				SWIFT_ACTIVE_COMPILATION_CONDITIONS = DEBUG;
				SWIFT_OPTIMIZATION_LEVEL = "-Onone";
			};
			name = Debug;
		};
		E51019F528A7366D005BC46F /* Release */ = {
			isa = XCBuildConfiguration;
			buildSettings = {
				ALWAYS_SEARCH_USER_PATHS = NO;
				CLANG_ANALYZER_NONNULL = YES;
				CLANG_ANALYZER_NUMBER_OBJECT_CONVERSION = YES_AGGRESSIVE;
				CLANG_CXX_LANGUAGE_STANDARD = "gnu++17";
				CLANG_ENABLE_MODULES = YES;
				CLANG_ENABLE_OBJC_ARC = YES;
				CLANG_ENABLE_OBJC_WEAK = YES;
				CLANG_WARN_BLOCK_CAPTURE_AUTORELEASING = YES;
				CLANG_WARN_BOOL_CONVERSION = YES;
				CLANG_WARN_COMMA = YES;
				CLANG_WARN_CONSTANT_CONVERSION = YES;
				CLANG_WARN_DEPRECATED_OBJC_IMPLEMENTATIONS = YES;
				CLANG_WARN_DIRECT_OBJC_ISA_USAGE = YES_ERROR;
				CLANG_WARN_DOCUMENTATION_COMMENTS = YES;
				CLANG_WARN_EMPTY_BODY = YES;
				CLANG_WARN_ENUM_CONVERSION = YES;
				CLANG_WARN_INFINITE_RECURSION = YES;
				CLANG_WARN_INT_CONVERSION = YES;
				CLANG_WARN_NON_LITERAL_NULL_CONVERSION = YES;
				CLANG_WARN_OBJC_IMPLICIT_RETAIN_SELF = YES;
				CLANG_WARN_OBJC_LITERAL_CONVERSION = YES;
				CLANG_WARN_OBJC_ROOT_CLASS = YES_ERROR;
				CLANG_WARN_QUOTED_INCLUDE_IN_FRAMEWORK_HEADER = YES;
				CLANG_WARN_RANGE_LOOP_ANALYSIS = YES;
				CLANG_WARN_STRICT_PROTOTYPES = YES;
				CLANG_WARN_SUSPICIOUS_MOVE = YES;
				CLANG_WARN_UNGUARDED_AVAILABILITY = YES_AGGRESSIVE;
				CLANG_WARN_UNREACHABLE_CODE = YES;
				CLANG_WARN__DUPLICATE_METHOD_MATCH = YES;
				COPY_PHASE_STRIP = NO;
				DEBUG_INFORMATION_FORMAT = "dwarf-with-dsym";
				ENABLE_NS_ASSERTIONS = NO;
				ENABLE_STRICT_OBJC_MSGSEND = YES;
				GCC_C_LANGUAGE_STANDARD = gnu11;
				GCC_NO_COMMON_BLOCKS = YES;
				GCC_WARN_64_TO_32_BIT_CONVERSION = YES;
				GCC_WARN_ABOUT_RETURN_TYPE = YES_ERROR;
				GCC_WARN_UNDECLARED_SELECTOR = YES;
				GCC_WARN_UNINITIALIZED_AUTOS = YES_AGGRESSIVE;
				GCC_WARN_UNUSED_FUNCTION = YES;
				GCC_WARN_UNUSED_VARIABLE = YES;
				IPHONEOS_DEPLOYMENT_TARGET = 15.5;
				MTL_ENABLE_DEBUG_INFO = NO;
				MTL_FAST_MATH = YES;
				SDKROOT = iphoneos;
				SWIFT_COMPILATION_MODE = wholemodule;
				SWIFT_OPTIMIZATION_LEVEL = "-O";
				VALIDATE_PRODUCT = YES;
			};
			name = Release;
		};
		E51019F728A7366D005BC46F /* Debug */ = {
			isa = XCBuildConfiguration;
			buildSettings = {
				ASSETCATALOG_COMPILER_APPICON_NAME = AppIcon;
				ASSETCATALOG_COMPILER_GLOBAL_ACCENT_COLOR_NAME = AccentColor;
				CODE_SIGN_STYLE = Automatic;
				CURRENT_PROJECT_VERSION = 1;
				DEVELOPMENT_ASSET_PATHS = "\"SwiftUITutorial/Preview Content\"";
				DEVELOPMENT_TEAM = FBNFNU46TG;
				ENABLE_PREVIEWS = YES;
				GENERATE_INFOPLIST_FILE = YES;
				INFOPLIST_KEY_UIApplicationSceneManifest_Generation = YES;
				INFOPLIST_KEY_UIApplicationSupportsIndirectInputEvents = YES;
				INFOPLIST_KEY_UILaunchScreen_Generation = YES;
				INFOPLIST_KEY_UISupportedInterfaceOrientations_iPad = "UIInterfaceOrientationPortrait UIInterfaceOrientationPortraitUpsideDown UIInterfaceOrientationLandscapeLeft UIInterfaceOrientationLandscapeRight";
				INFOPLIST_KEY_UISupportedInterfaceOrientations_iPhone = "UIInterfaceOrientationPortrait UIInterfaceOrientationLandscapeLeft UIInterfaceOrientationLandscapeRight";
				LD_RUNPATH_SEARCH_PATHS = (
					"$(inherited)",
					"@executable_path/Frameworks",
				);
				MARKETING_VERSION = 1.0;
				PRODUCT_BUNDLE_IDENTIFIER = KotaKawanishi.SwiftUITutorial;
				PRODUCT_NAME = "$(TARGET_NAME)";
				SWIFT_EMIT_LOC_STRINGS = YES;
				SWIFT_VERSION = 5.0;
				TARGETED_DEVICE_FAMILY = "1,2";
			};
			name = Debug;
		};
		E51019F828A7366D005BC46F /* Release */ = {
			isa = XCBuildConfiguration;
			buildSettings = {
				ASSETCATALOG_COMPILER_APPICON_NAME = AppIcon;
				ASSETCATALOG_COMPILER_GLOBAL_ACCENT_COLOR_NAME = AccentColor;
				CODE_SIGN_STYLE = Automatic;
				CURRENT_PROJECT_VERSION = 1;
				DEVELOPMENT_ASSET_PATHS = "\"SwiftUITutorial/Preview Content\"";
				DEVELOPMENT_TEAM = FBNFNU46TG;
				ENABLE_PREVIEWS = YES;
				GENERATE_INFOPLIST_FILE = YES;
				INFOPLIST_KEY_UIApplicationSceneManifest_Generation = YES;
				INFOPLIST_KEY_UIApplicationSupportsIndirectInputEvents = YES;
				INFOPLIST_KEY_UILaunchScreen_Generation = YES;
				INFOPLIST_KEY_UISupportedInterfaceOrientations_iPad = "UIInterfaceOrientationPortrait UIInterfaceOrientationPortraitUpsideDown UIInterfaceOrientationLandscapeLeft UIInterfaceOrientationLandscapeRight";
				INFOPLIST_KEY_UISupportedInterfaceOrientations_iPhone = "UIInterfaceOrientationPortrait UIInterfaceOrientationLandscapeLeft UIInterfaceOrientationLandscapeRight";
				LD_RUNPATH_SEARCH_PATHS = (
					"$(inherited)",
					"@executable_path/Frameworks",
				);
				MARKETING_VERSION = 1.0;
				PRODUCT_BUNDLE_IDENTIFIER = KotaKawanishi.SwiftUITutorial;
				PRODUCT_NAME = "$(TARGET_NAME)";
				SWIFT_EMIT_LOC_STRINGS = YES;
				SWIFT_VERSION = 5.0;
				TARGETED_DEVICE_FAMILY = "1,2";
			};
			name = Release;
		};
/* End XCBuildConfiguration section */

/* Begin XCConfigurationList section */
		E51019E328A7366C005BC46F /* Build configuration list for PBXProject "SwiftUITutorial" */ = {
			isa = XCConfigurationList;
			buildConfigurations = (
				E51019F428A7366D005BC46F /* Debug */,
				E51019F528A7366D005BC46F /* Release */,
			);
			defaultConfigurationIsVisible = 0;
			defaultConfigurationName = Release;
		};
		E51019F628A7366D005BC46F /* Build configuration list for PBXNativeTarget "SwiftUITutorial" */ = {
			isa = XCConfigurationList;
			buildConfigurations = (
				E51019F728A7366D005BC46F /* Debug */,
				E51019F828A7366D005BC46F /* Release */,
			);
			defaultConfigurationIsVisible = 0;
			defaultConfigurationName = Release;
		};
/* End XCConfigurationList section */
	};
	rootObject = E51019E028A7366C005BC46F /* Project object */;
}
